
Microsoft Visual Studio Solution File, Format Version 12.00
# Visual Studio 14
VisualStudioVersion = 14.0.24720.0
MinimumVisualStudioVersion = 10.0.40219.1
Project("{FAE04EC0-301F-11D3-BF4B-00C04F79EFBC}") = "DATASCAN", "DATASCAN\DATASCAN.csproj", "{CD7EE450-3CB2-4122-AF18-7D758898B843}"
EndProject
Project("{FAE04EC0-301F-11D3-BF4B-00C04F79EFBC}") = "DATASCAN.Core", "DATASCAN.Core\DATASCAN.Core.csproj", "{49D81AD9-8758-4BA0-BE18-1A3C2A6D9792}"
EndProject
Project("{FAE04EC0-301F-11D3-BF4B-00C04F79EFBC}") = "DATASCAN.DataAccess", "DATASCAN.DataAccess\DATASCAN.DataAccess.csproj", "{D09A8E1A-C7EB-4547-BE18-1C0AB8539BEB}"
EndProject
Project("{FAE04EC0-301F-11D3-BF4B-00C04F79EFBC}") = "DATASCAN.Communication", "DATASCAN.Communication\DATASCAN.Communication.csproj", "{3D087314-8558-4C78-88A8-FB5F57B6484C}"
EndProject
Global
	GlobalSection(Performance) = preSolution
		HasPerformanceSessions = true
	EndGlobalSection
	GlobalSection(SolutionConfigurationPlatforms) = preSolution
		Debug|Any CPU = Debug|Any CPU
		Release|Any CPU = Release|Any CPU
	EndGlobalSection
	GlobalSection(ProjectConfigurationPlatforms) = postSolution
		{CD7EE450-3CB2-4122-AF18-7D758898B843}.Debug|Any CPU.ActiveCfg = Debug|Any CPU
		{CD7EE450-3CB2-4122-AF18-7D758898B843}.Debug|Any CPU.Build.0 = Debug|Any CPU
		{CD7EE450-3CB2-4122-AF18-7D758898B843}.Release|Any CPU.ActiveCfg = Release|Any CPU
		{CD7EE450-3CB2-4122-AF18-7D758898B843}.Release|Any CPU.Build.0 = Release|Any CPU
		{49D81AD9-8758-4BA0-BE18-1A3C2A6D9792}.Debug|Any CPU.ActiveCfg = Debug|Any CPU
		{49D81AD9-8758-4BA0-BE18-1A3C2A6D9792}.Debug|Any CPU.Build.0 = Debug|Any CPU
		{49D81AD9-8758-4BA0-BE18-1A3C2A6D9792}.Release|Any CPU.ActiveCfg = Release|Any CPU
		{49D81AD9-8758-4BA0-BE18-1A3C2A6D9792}.Release|Any CPU.Build.0 = Release|Any CPU
		{D09A8E1A-C7EB-4547-BE18-1C0AB8539BEB}.Debug|Any CPU.ActiveCfg = Debug|Any CPU
		{D09A8E1A-C7EB-4547-BE18-1C0AB8539BEB}.Debug|Any CPU.Build.0 = Debug|Any CPU
		{D09A8E1A-C7EB-4547-BE18-1C0AB8539BEB}.Release|Any CPU.ActiveCfg = Release|Any CPU
		{D09A8E1A-C7EB-4547-BE18-1C0AB8539BEB}.Release|Any CPU.Build.0 = Release|Any CPU
		{3D087314-8558-4C78-88A8-FB5F57B6484C}.Debug|Any CPU.ActiveCfg = Debug|Any CPU
		{3D087314-8558-4C78-88A8-FB5F57B6484C}.Debug|Any CPU.Build.0 = Debug|Any CPU
		{3D087314-8558-4C78-88A8-FB5F57B6484C}.Release|Any CPU.ActiveCfg = Release|Any CPU
		{3D087314-8558-4C78-88A8-FB5F57B6484C}.Release|Any CPU.Build.0 = Release|Any CPU
	EndGlobalSection
	GlobalSection(SolutionProperties) = preSolution
		HideSolutionNode = FALSE
	EndGlobalSection
EndGlobal
